{
  "requires": true,
  "lockfileVersion": 1,
  "dependencies": {
    "black-engine": {
      "version": "0.5.10",
      "resolved": "https://registry.npmjs.org/black-engine/-/black-engine-0.5.10.tgz",
      "integrity": "sha512-Q9CoI4ql/fQCUArVvaVwC+12BMrG/5OEGpLRmTFNDjF44Tyg6uzIyCxRP2mt343dsRzmcuJsFuN9Aplfny0lsw=="
    }
  }
}
